
Microsoft Visual Studio Solution File, Format Version 12.00
# Visual Studio Version 17
VisualStudioVersion = 17.10.35122.118
MinimumVisualStudioVersion = 10.0.40219.1
Project("{FAE04EC0-301F-11D3-BF4B-00C04F79EFBC}") = "AppControleFinanceiroMaui", "AppControleFinanceiroMaui\AppControleFinanceiroMaui.csproj", "{859FF8A0-1AAE-409F-A283-AABEC7B1AFC3}"
EndProject
Global
	GlobalSection(SolutionConfigurationPlatforms) = preSolution
		Debug|Any CPU = Debug|Any CPU
		Release|Any CPU = Release|Any CPU
	EndGlobalSection
	GlobalSection(ProjectConfigurationPlatforms) = postSolution
		{859FF8A0-1AAE-409F-A283-AABEC7B1AFC3}.Debug|Any CPU.ActiveCfg = Debug|Any CPU
		{859FF8A0-1AAE-409F-A283-AABEC7B1AFC3}.Debug|Any CPU.Build.0 = Debug|Any CPU
		{859FF8A0-1AAE-409F-A283-AABEC7B1AFC3}.Debug|Any CPU.Deploy.0 = Debug|Any CPU
		{859FF8A0-1AAE-409F-A283-AABEC7B1AFC3}.Release|Any CPU.ActiveCfg = Release|Any CPU
		{859FF8A0-1AAE-409F-A283-AABEC7B1AFC3}.Release|Any CPU.Build.0 = Release|Any CPU
		{859FF8A0-1AAE-409F-A283-AABEC7B1AFC3}.Release|Any CPU.Deploy.0 = Release|Any CPU
	EndGlobalSection
	GlobalSection(SolutionProperties) = preSolution
		HideSolutionNode = FALSE
	EndGlobalSection
	GlobalSection(ExtensibilityGlobals) = postSolution
		SolutionGuid = {E021CF73-6284-4E22-991A-4667BC60096A}
	EndGlobalSection
EndGlobal
